<?xml version="1.0" encoding="utf-8"?>
<Project ToolsVersion="4.0" xmlns="http://schemas.microsoft.com/developer/msbuild/2003">
  <ItemGroup>
    <ClInclude Include="BurgerTime.h" />
    <ClInclude Include="PeterPepper.h" />
    <ClInclude Include="BurgerTimePCH.h" />
    <ClInclude Include="Level.h" />
    <ClInclude Include="BurgerIngredient.h" />
    <ClInclude Include="BurgerIngredientPart.h" />
    <ClInclude Include="SoundTester.h" />
  </ItemGroup>
  <ItemGroup>
    <ClCompile Include="BurgerTime.cpp" />
    <ClCompile Include="Main.cpp" />
    <ClCompile Include="PeterPepper.cpp" />
    <ClCompile Include="BurgerTimePCH.cpp" />
    <ClCompile Include="Level.cpp" />
    <ClCompile Include="BurgerIngredient.cpp" />
    <ClCompile Include="BurgerIngredientPart.cpp" />
    <ClCompile Include="SoundTester.cpp" />
  </ItemGroup>
</Project>