<?xml version="1.0" encoding="utf-8"?>
<Project ToolsVersion="4.0" xmlns="http://schemas.microsoft.com/developer/msbuild/2003">
  <ItemGroup>
    <ClInclude Include="BurgerTime.h" />
    <ClInclude Include="PlayerAndEnemies\PlayerMovement.h" />
    <ClInclude Include="BurgerTimePCH.h" />
    <ClInclude Include="Level.h" />
    <ClInclude Include="Burger\BurgerIngredient.h" />
    <ClInclude Include="Burger\BurgerIngredientPart.h" />
    <ClInclude Include="PlayerAndEnemies\EnemyMovement.h" />
    <ClInclude Include="PlayerAndEnemies\PeterPepper.h" />
    <ClInclude Include="PlayerAndEnemies\Enemy.h" />
    <ClInclude Include="PepperUI.h" />
    <ClInclude Include="PlayerAndEnemies\EnemyManager.h" />
  </ItemGroup>
  <ItemGroup>
    <ClCompile Include="BurgerTime.cpp" />
    <ClCompile Include="Main.cpp" />
    <ClCompile Include="PlayerAndEnemies\PlayerMovement.cpp" />
    <ClCompile Include="BurgerTimePCH.cpp" />
    <ClCompile Include="Level.cpp" />
    <ClCompile Include="Burger\BurgerIngredient.cpp" />
    <ClCompile Include="Burger\BurgerIngredientPart.cpp" />
    <ClCompile Include="PlayerAndEnemies\EnemyMovement.cpp" />
    <ClCompile Include="PlayerAndEnemies\PeterPepper.cpp" />
    <ClCompile Include="PlayerAndEnemies\Enemy.cpp" />
    <ClCompile Include="PepperUI.cpp" />
    <ClCompile Include="PlayerAndEnemies\EnemyManager.cpp" />
  </ItemGroup>
</Project>